
Microsoft Visual Studio Solution File, Format Version 12.00
# Visual Studio Version 16
VisualStudioVersion = 16.0.30503.244
MinimumVisualStudioVersion = 10.0.40219.1
Project("{FAE04EC0-301F-11D3-BF4B-00C04F79EFBC}") = "FilmLibrary", "ClassLibrary1\FilmLibrary.csproj", "{5969A1A3-DCB1-400F-9197-029C051F602E}"
EndProject
Global
	GlobalSection(SolutionConfigurationPlatforms) = preSolution
		Debug|Any CPU = Debug|Any CPU
		Release|Any CPU = Release|Any CPU
	EndGlobalSection
	GlobalSection(ProjectConfigurationPlatforms) = postSolution
		{5969A1A3-DCB1-400F-9197-029C051F602E}.Debug|Any CPU.ActiveCfg = Debug|Any CPU
		{5969A1A3-DCB1-400F-9197-029C051F602E}.Debug|Any CPU.Build.0 = Debug|Any CPU
		{5969A1A3-DCB1-400F-9197-029C051F602E}.Release|Any CPU.ActiveCfg = Release|Any CPU
		{5969A1A3-DCB1-400F-9197-029C051F602E}.Release|Any CPU.Build.0 = Release|Any CPU
	EndGlobalSection
	GlobalSection(SolutionProperties) = preSolution
		HideSolutionNode = FALSE
	EndGlobalSection
	GlobalSection(ExtensibilityGlobals) = postSolution
		SolutionGuid = {2AA05737-F381-4107-AAEF-6CEAA6A8BA0B}
	EndGlobalSection
EndGlobal
